
Microsoft Visual Studio Solution File, Format Version 12.00
# Visual Studio Version 16
VisualStudioVersion = 16.0.30804.86
MinimumVisualStudioVersion = 10.0.40219.1
Project("{8BC9CEB8-8B4A-11D0-8D11-00A0C91BC942}") = "14.03_Fifteen", "14.03_Fifteen\14.03_Fifteen.vcxproj", "{89809DB6-363B-4FB7-BB72-E5BCF822B70D}"
EndProject
Global
	GlobalSection(SolutionConfigurationPlatforms) = preSolution
		Debug|x64 = Debug|x64
		Debug|x86 = Debug|x86
		Release|x64 = Release|x64
		Release|x86 = Release|x86
	EndGlobalSection
	GlobalSection(ProjectConfigurationPlatforms) = postSolution
		{89809DB6-363B-4FB7-BB72-E5BCF822B70D}.Debug|x64.ActiveCfg = Debug|x64
		{89809DB6-363B-4FB7-BB72-E5BCF822B70D}.Debug|x64.Build.0 = Debug|x64
		{89809DB6-363B-4FB7-BB72-E5BCF822B70D}.Debug|x86.ActiveCfg = Debug|Win32
		{89809DB6-363B-4FB7-BB72-E5BCF822B70D}.Debug|x86.Build.0 = Debug|Win32
		{89809DB6-363B-4FB7-BB72-E5BCF822B70D}.Release|x64.ActiveCfg = Release|x64
		{89809DB6-363B-4FB7-BB72-E5BCF822B70D}.Release|x64.Build.0 = Release|x64
		{89809DB6-363B-4FB7-BB72-E5BCF822B70D}.Release|x86.ActiveCfg = Release|Win32
		{89809DB6-363B-4FB7-BB72-E5BCF822B70D}.Release|x86.Build.0 = Release|Win32
	EndGlobalSection
	GlobalSection(SolutionProperties) = preSolution
		HideSolutionNode = FALSE
	EndGlobalSection
	GlobalSection(ExtensibilityGlobals) = postSolution
		SolutionGuid = {6FFC8A86-55BF-43B4-B6FF-90E6F2503B63}
	EndGlobalSection
EndGlobal
